<?xml version="1.0" encoding="utf-8"?>
<Project ToolsVersion="4.0" xmlns="http://schemas.microsoft.com/developer/msbuild/2003">
  <ItemGroup>
    <Filter Include="Fichiers sources">
      <UniqueIdentifier>{4FC737F1-C7A5-4376-A066-2A32D752A2FF}</UniqueIdentifier>
      <Extensions>cpp;c;cc;cxx;def;odl;idl;hpj;bat;asm;asmx</Extensions>
    </Filter>
    <Filter Include="Fichiers d%27en-tête">
      <UniqueIdentifier>{93995380-89BD-4b04-88EB-625FBE52EBFB}</UniqueIdentifier>
      <Extensions>h;hh;hpp;hxx;hm;inl;inc;xsd</Extensions>
    </Filter>
    <Filter Include="Fichiers de ressources">
      <UniqueIdentifier>{67DA6AB6-F800-4c08-8B7A-83BB121AAD01}</UniqueIdentifier>
      <Extensions>rc;ico;cur;bmp;dlg;rc2;rct;bin;rgs;gif;jpg;jpeg;jpe;resx;tiff;tif;png;wav;mfcribbon-ms</Extensions>
    </Filter>
    <Filter Include="skel">
      <UniqueIdentifier>{791b5e28-247f-4588-b401-958183593405}</UniqueIdentifier>
    </Filter>
    <Filter Include="grm">
      <UniqueIdentifier>{c2f140b1-88a7-4369-a446-6bee7c955a59}</UniqueIdentifier>
    </Filter>
  </ItemGroup>
  <ItemGroup>
    <ClCompile Include="..\..\ComGenerate.cpp">
      <Filter>Fichiers sources</Filter>
    </ClCompile>
    <ClCompile Include="..\..\ComGlobal.cpp">
      <Filter>Fichiers sources</Filter>
    </ClCompile>
    <ClCompile Include="..\..\ComMain.cpp">
      <Filter>Fichiers sources</Filter>
    </ClCompile>
    <ClCompile Include="..\..\LGActions.cpp">
      <Filter>Fichiers sources</Filter>
    </ClCompile>
    <ClCompile Include="..\..\LGAddExtra.cpp">
      <Filter>Fichiers sources</Filter>
    </ClCompile>
    <ClCompile Include="..\..\LGBuildStates.cpp">
      <Filter>Fichiers sources</Filter>
    </ClCompile>
    <ClCompile Include="..\..\LGCheckGrammar.cpp">
      <Filter>Fichiers sources</Filter>
    </ClCompile>
    <ClCompile Include="..\..\LGComputeLA.cpp">
      <Filter>Fichiers sources</Filter>
    </ClCompile>
    <ClCompile Include="..\..\LGCreateTables.cpp">
      <Filter>Fichiers sources</Filter>
    </ClCompile>
    <ClCompile Include="..\..\LGGenerateCode.cpp">
      <Filter>Fichiers sources</Filter>
    </ClCompile>
    <ClCompile Include="..\..\LGLexer.cpp">
      <Filter>Fichiers sources</Filter>
    </ClCompile>
    <ClCompile Include="..\..\LGMain.cpp">
      <Filter>Fichiers sources</Filter>
    </ClCompile>
    <ClCompile Include="..\..\LGOptimizeStates.cpp">
      <Filter>Fichiers sources</Filter>
    </ClCompile>
    <ClCompile Include="..\..\LGParser.cpp">
      <Filter>Fichiers sources</Filter>
    </ClCompile>
    <ClCompile Include="..\..\LGPrintGrammar.cpp">
      <Filter>Fichiers sources</Filter>
    </ClCompile>
    <ClCompile Include="..\..\LGPrintStates.cpp">
      <Filter>Fichiers sources</Filter>
    </ClCompile>
    <ClCompile Include="..\..\PGActions.cpp">
      <Filter>Fichiers sources</Filter>
    </ClCompile>
    <ClCompile Include="..\..\PGBuildLR0.cpp">
      <Filter>Fichiers sources</Filter>
    </ClCompile>
    <ClCompile Include="..\..\PGBuildLR1.cpp">
      <Filter>Fichiers sources</Filter>
    </ClCompile>
    <ClCompile Include="..\..\PGCheckGrammar.cpp">
      <Filter>Fichiers sources</Filter>
    </ClCompile>
    <ClCompile Include="..\..\PGComputeLA.cpp">
      <Filter>Fichiers sources</Filter>
    </ClCompile>
    <ClCompile Include="..\..\PGCreateTables.cpp">
      <Filter>Fichiers sources</Filter>
    </ClCompile>
    <ClCompile Include="..\..\PGLexer.cpp">
      <Filter>Fichiers sources</Filter>
    </ClCompile>
    <ClCompile Include="..\..\PGMain.cpp">
      <Filter>Fichiers sources</Filter>
    </ClCompile>
    <ClCompile Include="..\..\PGOptimizeStates.cpp">
      <Filter>Fichiers sources</Filter>
    </ClCompile>
    <ClCompile Include="..\..\PGParser.cpp">
      <Filter>Fichiers sources</Filter>
    </ClCompile>
    <ClCompile Include="..\..\PGPrintHtml.cpp">
      <Filter>Fichiers sources</Filter>
    </ClCompile>
    <ClCompile Include="..\..\PGPrintStates.cpp">
      <Filter>Fichiers sources</Filter>
    </ClCompile>
  </ItemGroup>
  <ItemGroup>
    <None Include="..\..\LG.grm" />
    <None Include="..\..\PG.grm" />
    <None Include="..\..\LG.lex" />
    <None Include="..\..\PG.lex" />
    <None Include="..\..\LG.lgr" />
    <None Include="..\..\PG.lgr" />
    <None Include="..\..\README.md" />
    <None Include="..\..\LGLexer.cpp.skl" />
    <None Include="..\..\LGLexer.h.skl" />
    <None Include="..\..\LGParser.cpp.skl" />
    <None Include="..\..\LGParser.h.skl" />
    <None Include="..\..\PGLexer.cpp.skl" />
    <None Include="..\..\PGLexer.h.skl" />
    <None Include="..\..\PGParser.cpp.skl" />
    <None Include="..\..\PGparser.h.skl" />
    <None Include="..\..\grm\ada.grm">
      <Filter>grm</Filter>
    </None>
    <None Include="..\..\grm\basic.grm">
      <Filter>grm</Filter>
    </None>
    <None Include="..\..\grm\c.grm">
      <Filter>grm</Filter>
    </None>
    <None Include="..\..\grm\c.lgr">
      <Filter>grm</Filter>
    </None>
    <None Include="..\..\grm\c++.grm">
      <Filter>grm</Filter>
    </None>
    <None Include="..\..\grm\calc.grm">
      <Filter>grm</Filter>
    </None>
    <None Include="..\..\grm\calc.lgr">
      <Filter>grm</Filter>
    </None>
    <None Include="..\..\grm\cics.grm">
      <Filter>grm</Filter>
    </None>
    <None Include="..\..\grm\cobol.grm">
      <Filter>grm</Filter>
    </None>
    <None Include="..\..\grm\dbase.grm">
      <Filter>grm</Filter>
    </None>
    <None Include="..\..\grm\fortran.grm">
      <Filter>grm</Filter>
    </None>
    <None Include="..\..\grm\html.grm">
      <Filter>grm</Filter>
    </None>
    <None Include="..\..\grm\modula2.grm">
      <Filter>grm</Filter>
    </None>
    <None Include="..\..\grm\ncsalog.grm">
      <Filter>grm</Filter>
    </None>
    <None Include="..\..\grm\pascal.grm">
      <Filter>grm</Filter>
    </None>
    <None Include="..\..\grm\pl1.grm">
      <Filter>grm</Filter>
    </None>
    <None Include="..\..\grm\plm.grm">
      <Filter>grm</Filter>
    </None>
    <None Include="..\..\grm\sql.grm">
      <Filter>grm</Filter>
    </None>
    <None Include="..\..\grm\vbasic.grm">
      <Filter>grm</Filter>
    </None>
    <None Include="..\..\grm\verilog.grm">
      <Filter>grm</Filter>
    </None>
    <None Include="..\..\grm\xpl.grm">
      <Filter>grm</Filter>
    </None>
    <None Include="..\..\grm\zeus.grm">
      <Filter>grm</Filter>
    </None>
    <None Include="..\..\skels\c++11\lexer.cpp.skl">
      <Filter>skel</Filter>
    </None>
    <None Include="..\..\skels\c++11\lexer.h.skl">
      <Filter>skel</Filter>
    </None>
    <None Include="..\..\skels\c++11\parser.cpp.skl">
      <Filter>skel</Filter>
    </None>
    <None Include="..\..\skels\c++11\parser.h.skl">
      <Filter>skel</Filter>
    </None>
  </ItemGroup>
  <ItemGroup>
    <ClInclude Include="..\..\ComGenerate.h">
      <Filter>Fichiers d%27en-tête</Filter>
    </ClInclude>
    <ClInclude Include="..\..\ComGlobal.h">
      <Filter>Fichiers d%27en-tête</Filter>
    </ClInclude>
    <ClInclude Include="..\..\LGActions.h">
      <Filter>Fichiers d%27en-tête</Filter>
    </ClInclude>
    <ClInclude Include="..\..\LGAddExtra.h">
      <Filter>Fichiers d%27en-tête</Filter>
    </ClInclude>
    <ClInclude Include="..\..\LGBuildStates.h">
      <Filter>Fichiers d%27en-tête</Filter>
    </ClInclude>
    <ClInclude Include="..\..\LGCheckGrammar.h">
      <Filter>Fichiers d%27en-tête</Filter>
    </ClInclude>
    <ClInclude Include="..\..\LGComputeLA.h">
      <Filter>Fichiers d%27en-tête</Filter>
    </ClInclude>
    <ClInclude Include="..\..\LGCreateTables.h">
      <Filter>Fichiers d%27en-tête</Filter>
    </ClInclude>
    <ClInclude Include="..\..\LGGenerate.h">
      <Filter>Fichiers d%27en-tête</Filter>
    </ClInclude>
    <ClInclude Include="..\..\LGGlobal.h">
      <Filter>Fichiers d%27en-tête</Filter>
    </ClInclude>
    <ClInclude Include="..\..\LGLexer.h">
      <Filter>Fichiers d%27en-tête</Filter>
    </ClInclude>
    <ClInclude Include="..\..\LGOptimizeStates.h">
      <Filter>Fichiers d%27en-tête</Filter>
    </ClInclude>
    <ClInclude Include="..\..\LGParser.h">
      <Filter>Fichiers d%27en-tête</Filter>
    </ClInclude>
    <ClInclude Include="..\..\LGPrintStates.h">
      <Filter>Fichiers d%27en-tête</Filter>
    </ClInclude>
    <ClInclude Include="..\..\PGActions.h">
      <Filter>Fichiers d%27en-tête</Filter>
    </ClInclude>
    <ClInclude Include="..\..\PGBuildLR1.h">
      <Filter>Fichiers d%27en-tête</Filter>
    </ClInclude>
    <ClInclude Include="..\..\PGCheckGrammar.h">
      <Filter>Fichiers d%27en-tête</Filter>
    </ClInclude>
    <ClInclude Include="..\..\PGComputeLA.h">
      <Filter>Fichiers d%27en-tête</Filter>
    </ClInclude>
    <ClInclude Include="..\..\PGCreateTables.h">
      <Filter>Fichiers d%27en-tête</Filter>
    </ClInclude>
    <ClInclude Include="..\..\PGGenerate.h">
      <Filter>Fichiers d%27en-tête</Filter>
    </ClInclude>
    <ClInclude Include="..\..\PGGlobal.h">
      <Filter>Fichiers d%27en-tête</Filter>
    </ClInclude>
    <ClInclude Include="..\..\PGLexer.h">
      <Filter>Fichiers d%27en-tête</Filter>
    </ClInclude>
    <ClInclude Include="..\..\PGOptimizeStates.h">
      <Filter>Fichiers d%27en-tête</Filter>
    </ClInclude>
    <ClInclude Include="..\..\PGParser.h">
      <Filter>Fichiers d%27en-tête</Filter>
    </ClInclude>
    <ClInclude Include="..\..\PGPrintHtml.h">
      <Filter>Fichiers d%27en-tête</Filter>
    </ClInclude>
    <ClInclude Include="..\..\PGPrintStates.h">
      <Filter>Fichiers d%27en-tête</Filter>
    </ClInclude>
  </ItemGroup>
  <ItemGroup>
    <Text Include="..\..\readme.txt" />
  </ItemGroup>
</Project>